
Microsoft Visual Studio Solution File, Format Version 12.00
# Visual Studio Version 16
VisualStudioVersion = 16.0.29519.87
MinimumVisualStudioVersion = 10.0.40219.1
Project("{8BC9CEB8-8B4A-11D0-8D11-00A0C91BC942}") = "Cousework1_helloworld", "..\Cousework1_helloworld\Cousework1_helloworld.vcxproj", "{4C28AD51-2B8C-4424-A438-8C8CE6FCD73B}"
EndProject
Project("{8BC9CEB8-8B4A-11D0-8D11-00A0C91BC942}") = "Cousework2_function", "..\Cousework2_function\Cousework2_function.vcxproj", "{09722D93-FEAC-419A-BC5D-91CB9AF9AA4A}"
EndProject
Project("{8BC9CEB8-8B4A-11D0-8D11-00A0C91BC942}") = "GameCPlus", "GameCPlus.vcxproj", "{D18E23B5-84D3-4632-8278-FF38BBA2F759}"
EndProject
Project("{8BC9CEB8-8B4A-11D0-8D11-00A0C91BC942}") = "Cousework3_ProgramFlow", "..\Cousework3_ProgramFlow\Cousework3_ProgramFlow.vcxproj", "{C3BCB3B2-4B15-4544-91B3-67B725A11A9D}"
EndProject
Project("{8BC9CEB8-8B4A-11D0-8D11-00A0C91BC942}") = "Cousework4_Pointor", "..\Cousework4_Pointor\Cousework4_Pointor.vcxproj", "{71B8999D-24E4-4210-B8CB-ED412AF1D1A6}"
EndProject
Project("{8BC9CEB8-8B4A-11D0-8D11-00A0C91BC942}") = "cousework5_memory", "..\cousework5_memory\cousework5_memory.vcxproj", "{468D68B1-AB62-407E-ADC8-5778789C995F}"
EndProject
Project("{8BC9CEB8-8B4A-11D0-8D11-00A0C91BC942}") = "BinarySearchTree", "..\BinarySearchTree\BinarySearchTree.vcxproj", "{CE2B0BEE-9E24-4C2A-9008-44A728ADF80C}"
EndProject
Project("{8BC9CEB8-8B4A-11D0-8D11-00A0C91BC942}") = "cousework6_ScopeExtent", "..\cousework6_ScopeExtent\cousework6_ScopeExtent.vcxproj", "{3424D658-2050-4DA9-9DE8-4B9E8490760E}"
EndProject
Project("{8BC9CEB8-8B4A-11D0-8D11-00A0C91BC942}") = "cousework7_reference", "..\cousework7_reference\cousework7_reference.vcxproj", "{711B83FC-E9D7-4A52-AC21-4B26C26EFBC9}"
EndProject
Project("{8BC9CEB8-8B4A-11D0-8D11-00A0C91BC942}") = "cousework8_arrays", "..\cousework8_arrays\cousework8_arrays.vcxproj", "{974F5AEA-9426-4F5E-B572-991B8A28CEF3}"
EndProject
Project("{8BC9CEB8-8B4A-11D0-8D11-00A0C91BC942}") = "cousework9_class", "..\cousework9_class\cousework9_class.vcxproj", "{B4B3285D-AAA5-4915-A4BF-E8E4EA1BD4F4}"
EndProject
Project("{8BC9CEB8-8B4A-11D0-8D11-00A0C91BC942}") = "cousework10_inheritance", "..\cousework10_inheritance\cousework10_inheritance.vcxproj", "{D5C5EB19-D171-43E3-8591-6A7BB4845FDD}"
EndProject
Project("{8BC9CEB8-8B4A-11D0-8D11-00A0C91BC942}") = "cousework11_template", "..\cousework11_template\cousework11_template.vcxproj", "{84BF873D-F165-42A8-8612-762A334E9C1A}"
EndProject
Project("{8BC9CEB8-8B4A-11D0-8D11-00A0C91BC942}") = "cousework13_vector", "..\cousework13_vector\cousework13_vector.vcxproj", "{F73931F8-D0ED-4AAC-A91D-BD958053B97E}"
EndProject
Project("{8BC9CEB8-8B4A-11D0-8D11-00A0C91BC942}") = "cousework12_OperatingOverloading", "..\cousework12_OperatingOverloading\cousework12_OperatingOverloading.vcxproj", "{E921EBE6-6C39-4FA5-B3B3-829C404EB8CD}"
EndProject
Global
	GlobalSection(SolutionConfigurationPlatforms) = preSolution
		Debug|x64 = Debug|x64
		Debug|x86 = Debug|x86
		Release|x64 = Release|x64
		Release|x86 = Release|x86
	EndGlobalSection
	GlobalSection(ProjectConfigurationPlatforms) = postSolution
		{4C28AD51-2B8C-4424-A438-8C8CE6FCD73B}.Debug|x64.ActiveCfg = Debug|x64
		{4C28AD51-2B8C-4424-A438-8C8CE6FCD73B}.Debug|x64.Build.0 = Debug|x64
		{4C28AD51-2B8C-4424-A438-8C8CE6FCD73B}.Debug|x86.ActiveCfg = Debug|Win32
		{4C28AD51-2B8C-4424-A438-8C8CE6FCD73B}.Debug|x86.Build.0 = Debug|Win32
		{4C28AD51-2B8C-4424-A438-8C8CE6FCD73B}.Release|x64.ActiveCfg = Release|x64
		{4C28AD51-2B8C-4424-A438-8C8CE6FCD73B}.Release|x64.Build.0 = Release|x64
		{4C28AD51-2B8C-4424-A438-8C8CE6FCD73B}.Release|x86.ActiveCfg = Release|Win32
		{4C28AD51-2B8C-4424-A438-8C8CE6FCD73B}.Release|x86.Build.0 = Release|Win32
		{09722D93-FEAC-419A-BC5D-91CB9AF9AA4A}.Debug|x64.ActiveCfg = Debug|x64
		{09722D93-FEAC-419A-BC5D-91CB9AF9AA4A}.Debug|x64.Build.0 = Debug|x64
		{09722D93-FEAC-419A-BC5D-91CB9AF9AA4A}.Debug|x86.ActiveCfg = Debug|Win32
		{09722D93-FEAC-419A-BC5D-91CB9AF9AA4A}.Debug|x86.Build.0 = Debug|Win32
		{09722D93-FEAC-419A-BC5D-91CB9AF9AA4A}.Release|x64.ActiveCfg = Release|x64
		{09722D93-FEAC-419A-BC5D-91CB9AF9AA4A}.Release|x64.Build.0 = Release|x64
		{09722D93-FEAC-419A-BC5D-91CB9AF9AA4A}.Release|x86.ActiveCfg = Release|Win32
		{09722D93-FEAC-419A-BC5D-91CB9AF9AA4A}.Release|x86.Build.0 = Release|Win32
		{D18E23B5-84D3-4632-8278-FF38BBA2F759}.Debug|x64.ActiveCfg = Debug|x64
		{D18E23B5-84D3-4632-8278-FF38BBA2F759}.Debug|x64.Build.0 = Debug|x64
		{D18E23B5-84D3-4632-8278-FF38BBA2F759}.Debug|x86.ActiveCfg = Debug|Win32
		{D18E23B5-84D3-4632-8278-FF38BBA2F759}.Debug|x86.Build.0 = Debug|Win32
		{D18E23B5-84D3-4632-8278-FF38BBA2F759}.Release|x64.ActiveCfg = Release|x64
		{D18E23B5-84D3-4632-8278-FF38BBA2F759}.Release|x64.Build.0 = Release|x64
		{D18E23B5-84D3-4632-8278-FF38BBA2F759}.Release|x86.ActiveCfg = Release|Win32
		{D18E23B5-84D3-4632-8278-FF38BBA2F759}.Release|x86.Build.0 = Release|Win32
		{C3BCB3B2-4B15-4544-91B3-67B725A11A9D}.Debug|x64.ActiveCfg = Debug|x64
		{C3BCB3B2-4B15-4544-91B3-67B725A11A9D}.Debug|x64.Build.0 = Debug|x64
		{C3BCB3B2-4B15-4544-91B3-67B725A11A9D}.Debug|x86.ActiveCfg = Debug|Win32
		{C3BCB3B2-4B15-4544-91B3-67B725A11A9D}.Debug|x86.Build.0 = Debug|Win32
		{C3BCB3B2-4B15-4544-91B3-67B725A11A9D}.Release|x64.ActiveCfg = Release|x64
		{C3BCB3B2-4B15-4544-91B3-67B725A11A9D}.Release|x64.Build.0 = Release|x64
		{C3BCB3B2-4B15-4544-91B3-67B725A11A9D}.Release|x86.ActiveCfg = Release|Win32
		{C3BCB3B2-4B15-4544-91B3-67B725A11A9D}.Release|x86.Build.0 = Release|Win32
		{71B8999D-24E4-4210-B8CB-ED412AF1D1A6}.Debug|x64.ActiveCfg = Debug|x64
		{71B8999D-24E4-4210-B8CB-ED412AF1D1A6}.Debug|x64.Build.0 = Debug|x64
		{71B8999D-24E4-4210-B8CB-ED412AF1D1A6}.Debug|x86.ActiveCfg = Debug|Win32
		{71B8999D-24E4-4210-B8CB-ED412AF1D1A6}.Debug|x86.Build.0 = Debug|Win32
		{71B8999D-24E4-4210-B8CB-ED412AF1D1A6}.Release|x64.ActiveCfg = Release|x64
		{71B8999D-24E4-4210-B8CB-ED412AF1D1A6}.Release|x64.Build.0 = Release|x64
		{71B8999D-24E4-4210-B8CB-ED412AF1D1A6}.Release|x86.ActiveCfg = Release|Win32
		{71B8999D-24E4-4210-B8CB-ED412AF1D1A6}.Release|x86.Build.0 = Release|Win32
		{468D68B1-AB62-407E-ADC8-5778789C995F}.Debug|x64.ActiveCfg = Debug|x64
		{468D68B1-AB62-407E-ADC8-5778789C995F}.Debug|x64.Build.0 = Debug|x64
		{468D68B1-AB62-407E-ADC8-5778789C995F}.Debug|x86.ActiveCfg = Debug|Win32
		{468D68B1-AB62-407E-ADC8-5778789C995F}.Debug|x86.Build.0 = Debug|Win32
		{468D68B1-AB62-407E-ADC8-5778789C995F}.Release|x64.ActiveCfg = Release|x64
		{468D68B1-AB62-407E-ADC8-5778789C995F}.Release|x64.Build.0 = Release|x64
		{468D68B1-AB62-407E-ADC8-5778789C995F}.Release|x86.ActiveCfg = Release|Win32
		{468D68B1-AB62-407E-ADC8-5778789C995F}.Release|x86.Build.0 = Release|Win32
		{CE2B0BEE-9E24-4C2A-9008-44A728ADF80C}.Debug|x64.ActiveCfg = Debug|x64
		{CE2B0BEE-9E24-4C2A-9008-44A728ADF80C}.Debug|x64.Build.0 = Debug|x64
		{CE2B0BEE-9E24-4C2A-9008-44A728ADF80C}.Debug|x86.ActiveCfg = Debug|Win32
		{CE2B0BEE-9E24-4C2A-9008-44A728ADF80C}.Debug|x86.Build.0 = Debug|Win32
		{CE2B0BEE-9E24-4C2A-9008-44A728ADF80C}.Release|x64.ActiveCfg = Release|x64
		{CE2B0BEE-9E24-4C2A-9008-44A728ADF80C}.Release|x64.Build.0 = Release|x64
		{CE2B0BEE-9E24-4C2A-9008-44A728ADF80C}.Release|x86.ActiveCfg = Release|Win32
		{CE2B0BEE-9E24-4C2A-9008-44A728ADF80C}.Release|x86.Build.0 = Release|Win32
		{3424D658-2050-4DA9-9DE8-4B9E8490760E}.Debug|x64.ActiveCfg = Debug|x64
		{3424D658-2050-4DA9-9DE8-4B9E8490760E}.Debug|x64.Build.0 = Debug|x64
		{3424D658-2050-4DA9-9DE8-4B9E8490760E}.Debug|x86.ActiveCfg = Debug|Win32
		{3424D658-2050-4DA9-9DE8-4B9E8490760E}.Debug|x86.Build.0 = Debug|Win32
		{3424D658-2050-4DA9-9DE8-4B9E8490760E}.Release|x64.ActiveCfg = Release|x64
		{3424D658-2050-4DA9-9DE8-4B9E8490760E}.Release|x64.Build.0 = Release|x64
		{3424D658-2050-4DA9-9DE8-4B9E8490760E}.Release|x86.ActiveCfg = Release|Win32
		{3424D658-2050-4DA9-9DE8-4B9E8490760E}.Release|x86.Build.0 = Release|Win32
		{711B83FC-E9D7-4A52-AC21-4B26C26EFBC9}.Debug|x64.ActiveCfg = Debug|x64
		{711B83FC-E9D7-4A52-AC21-4B26C26EFBC9}.Debug|x64.Build.0 = Debug|x64
		{711B83FC-E9D7-4A52-AC21-4B26C26EFBC9}.Debug|x86.ActiveCfg = Debug|Win32
		{711B83FC-E9D7-4A52-AC21-4B26C26EFBC9}.Debug|x86.Build.0 = Debug|Win32
		{711B83FC-E9D7-4A52-AC21-4B26C26EFBC9}.Release|x64.ActiveCfg = Release|x64
		{711B83FC-E9D7-4A52-AC21-4B26C26EFBC9}.Release|x64.Build.0 = Release|x64
		{711B83FC-E9D7-4A52-AC21-4B26C26EFBC9}.Release|x86.ActiveCfg = Release|Win32
		{711B83FC-E9D7-4A52-AC21-4B26C26EFBC9}.Release|x86.Build.0 = Release|Win32
		{974F5AEA-9426-4F5E-B572-991B8A28CEF3}.Debug|x64.ActiveCfg = Debug|x64
		{974F5AEA-9426-4F5E-B572-991B8A28CEF3}.Debug|x64.Build.0 = Debug|x64
		{974F5AEA-9426-4F5E-B572-991B8A28CEF3}.Debug|x86.ActiveCfg = Debug|Win32
		{974F5AEA-9426-4F5E-B572-991B8A28CEF3}.Debug|x86.Build.0 = Debug|Win32
		{974F5AEA-9426-4F5E-B572-991B8A28CEF3}.Release|x64.ActiveCfg = Release|x64
		{974F5AEA-9426-4F5E-B572-991B8A28CEF3}.Release|x64.Build.0 = Release|x64
		{974F5AEA-9426-4F5E-B572-991B8A28CEF3}.Release|x86.ActiveCfg = Release|Win32
		{974F5AEA-9426-4F5E-B572-991B8A28CEF3}.Release|x86.Build.0 = Release|Win32
		{B4B3285D-AAA5-4915-A4BF-E8E4EA1BD4F4}.Debug|x64.ActiveCfg = Debug|x64
		{B4B3285D-AAA5-4915-A4BF-E8E4EA1BD4F4}.Debug|x64.Build.0 = Debug|x64
		{B4B3285D-AAA5-4915-A4BF-E8E4EA1BD4F4}.Debug|x86.ActiveCfg = Debug|Win32
		{B4B3285D-AAA5-4915-A4BF-E8E4EA1BD4F4}.Debug|x86.Build.0 = Debug|Win32
		{B4B3285D-AAA5-4915-A4BF-E8E4EA1BD4F4}.Release|x64.ActiveCfg = Release|x64
		{B4B3285D-AAA5-4915-A4BF-E8E4EA1BD4F4}.Release|x64.Build.0 = Release|x64
		{B4B3285D-AAA5-4915-A4BF-E8E4EA1BD4F4}.Release|x86.ActiveCfg = Release|Win32
		{B4B3285D-AAA5-4915-A4BF-E8E4EA1BD4F4}.Release|x86.Build.0 = Release|Win32
		{D5C5EB19-D171-43E3-8591-6A7BB4845FDD}.Debug|x64.ActiveCfg = Debug|x64
		{D5C5EB19-D171-43E3-8591-6A7BB4845FDD}.Debug|x64.Build.0 = Debug|x64
		{D5C5EB19-D171-43E3-8591-6A7BB4845FDD}.Debug|x86.ActiveCfg = Debug|Win32
		{D5C5EB19-D171-43E3-8591-6A7BB4845FDD}.Debug|x86.Build.0 = Debug|Win32
		{D5C5EB19-D171-43E3-8591-6A7BB4845FDD}.Release|x64.ActiveCfg = Release|x64
		{D5C5EB19-D171-43E3-8591-6A7BB4845FDD}.Release|x64.Build.0 = Release|x64
		{D5C5EB19-D171-43E3-8591-6A7BB4845FDD}.Release|x86.ActiveCfg = Release|Win32
		{D5C5EB19-D171-43E3-8591-6A7BB4845FDD}.Release|x86.Build.0 = Release|Win32
		{84BF873D-F165-42A8-8612-762A334E9C1A}.Debug|x64.ActiveCfg = Debug|x64
		{84BF873D-F165-42A8-8612-762A334E9C1A}.Debug|x64.Build.0 = Debug|x64
		{84BF873D-F165-42A8-8612-762A334E9C1A}.Debug|x86.ActiveCfg = Debug|Win32
		{84BF873D-F165-42A8-8612-762A334E9C1A}.Debug|x86.Build.0 = Debug|Win32
		{84BF873D-F165-42A8-8612-762A334E9C1A}.Release|x64.ActiveCfg = Release|x64
		{84BF873D-F165-42A8-8612-762A334E9C1A}.Release|x64.Build.0 = Release|x64
		{84BF873D-F165-42A8-8612-762A334E9C1A}.Release|x86.ActiveCfg = Release|Win32
		{84BF873D-F165-42A8-8612-762A334E9C1A}.Release|x86.Build.0 = Release|Win32
		{F73931F8-D0ED-4AAC-A91D-BD958053B97E}.Debug|x64.ActiveCfg = Debug|x64
		{F73931F8-D0ED-4AAC-A91D-BD958053B97E}.Debug|x64.Build.0 = Debug|x64
		{F73931F8-D0ED-4AAC-A91D-BD958053B97E}.Debug|x86.ActiveCfg = Debug|Win32
		{F73931F8-D0ED-4AAC-A91D-BD958053B97E}.Debug|x86.Build.0 = Debug|Win32
		{F73931F8-D0ED-4AAC-A91D-BD958053B97E}.Release|x64.ActiveCfg = Release|x64
		{F73931F8-D0ED-4AAC-A91D-BD958053B97E}.Release|x64.Build.0 = Release|x64
		{F73931F8-D0ED-4AAC-A91D-BD958053B97E}.Release|x86.ActiveCfg = Release|Win32
		{F73931F8-D0ED-4AAC-A91D-BD958053B97E}.Release|x86.Build.0 = Release|Win32
		{E921EBE6-6C39-4FA5-B3B3-829C404EB8CD}.Debug|x64.ActiveCfg = Debug|x64
		{E921EBE6-6C39-4FA5-B3B3-829C404EB8CD}.Debug|x64.Build.0 = Debug|x64
		{E921EBE6-6C39-4FA5-B3B3-829C404EB8CD}.Debug|x86.ActiveCfg = Debug|Win32
		{E921EBE6-6C39-4FA5-B3B3-829C404EB8CD}.Debug|x86.Build.0 = Debug|Win32
		{E921EBE6-6C39-4FA5-B3B3-829C404EB8CD}.Release|x64.ActiveCfg = Release|x64
		{E921EBE6-6C39-4FA5-B3B3-829C404EB8CD}.Release|x64.Build.0 = Release|x64
		{E921EBE6-6C39-4FA5-B3B3-829C404EB8CD}.Release|x86.ActiveCfg = Release|Win32
		{E921EBE6-6C39-4FA5-B3B3-829C404EB8CD}.Release|x86.Build.0 = Release|Win32
	EndGlobalSection
	GlobalSection(SolutionProperties) = preSolution
		HideSolutionNode = FALSE
	EndGlobalSection
	GlobalSection(ExtensibilityGlobals) = postSolution
		SolutionGuid = {4D6D7909-4B19-4371-994E-0DC0EB11118B}
	EndGlobalSection
EndGlobal
